lockfileVersion: '9.0'

settings:
  autoInstallPeers: true
  excludeLinksFromLockfile: false

importers:

  .:
    dependencies:
      '@vercel/functions':
        specifier: ^2.2.2
        version: 2.2.2
    devDependencies:
      '@types/node':
        specifier: ^24.0.3
        version: 24.0.3

packages:

  '@types/node@24.0.3':
    resolution: {integrity: sha512-R4I/kzCYAdRLzfiCabn9hxWfbuHS573x+r0dJMkkzThEa7pbrcDWK+9zu3e7aBOouf+rQAciqPFMnxwr0aWgKg==}

  '@vercel/functions@2.2.2':
    resolution: {integrity: sha512-wgtgFwhYAUzS7UOvw44q14FaoRPONEnyoM0JlrjcDkI+kzSu7M8J5Tk5T3Kvv52//8is+HGxVQtaBSiO3G0wbw==}
    engines: {node: '>= 18'}
    peerDependencies:
      '@aws-sdk/credential-provider-web-identity': '*'
    peerDependenciesMeta:
      '@aws-sdk/credential-provider-web-identity':
        optional: true

  undici-types@7.8.0:
    resolution: {integrity: sha512-9UJ2xGDvQ43tYyVMpuHlsgApydB8ZKfVYTsLDhXkFL/6gfkp+U8xTGdh8pMJv1SpZna0zxG1DwsKZsreLbXBxw==}

snapshots:

  '@types/node@24.0.3':
    dependencies:
      undici-types: 7.8.0

  '@vercel/functions@2.2.2': {}

  undici-types@7.8.0: {}
